
Microsoft Visual Studio Solution File, Format Version 12.00
# Visual Studio Version 17
VisualStudioVersion = 17.0.31903.59
MinimumVisualStudioVersion = 10.0.40219.1
Project("{FAE04EC0-301F-11D3-BF4B-00C04F79EFBC}") = "Api", "Api\Api.csproj", "{23AE7888-F5EA-4AC3-A834-87F28837F906}"
EndProject
Project("{FAE04EC0-301F-11D3-BF4B-00C04F79EFBC}") = "Domain", "Domain\Domain.csproj", "{C0C36580-CBCD-428F-A170-ADD4A368ACB6}"
EndProject
Project("{FAE04EC0-301F-11D3-BF4B-00C04F79EFBC}") = "Infrastructure", "Infrastructure\Infrastructure.csproj", "{73F78245-241E-4CAF-BB58-ECF21D046D34}"
EndProject
Project("{FAE04EC0-301F-11D3-BF4B-00C04F79EFBC}") = "Application", "Application\Application.csproj", "{4815EC2C-F28A-48EE-9589-E9CF7E1DB014}"
EndProject
Global
	GlobalSection(SolutionConfigurationPlatforms) = preSolution
		Debug|Any CPU = Debug|Any CPU
		Release|Any CPU = Release|Any CPU
	EndGlobalSection
	GlobalSection(SolutionProperties) = preSolution
		HideSolutionNode = FALSE
	EndGlobalSection
	GlobalSection(ProjectConfigurationPlatforms) = postSolution
		{23AE7888-F5EA-4AC3-A834-87F28837F906}.Debug|Any CPU.ActiveCfg = Debug|Any CPU
		{23AE7888-F5EA-4AC3-A834-87F28837F906}.Debug|Any CPU.Build.0 = Debug|Any CPU
		{23AE7888-F5EA-4AC3-A834-87F28837F906}.Release|Any CPU.ActiveCfg = Release|Any CPU
		{23AE7888-F5EA-4AC3-A834-87F28837F906}.Release|Any CPU.Build.0 = Release|Any CPU
		{C0C36580-CBCD-428F-A170-ADD4A368ACB6}.Debug|Any CPU.ActiveCfg = Debug|Any CPU
		{C0C36580-CBCD-428F-A170-ADD4A368ACB6}.Debug|Any CPU.Build.0 = Debug|Any CPU
		{C0C36580-CBCD-428F-A170-ADD4A368ACB6}.Release|Any CPU.ActiveCfg = Release|Any CPU
		{C0C36580-CBCD-428F-A170-ADD4A368ACB6}.Release|Any CPU.Build.0 = Release|Any CPU
		{73F78245-241E-4CAF-BB58-ECF21D046D34}.Debug|Any CPU.ActiveCfg = Debug|Any CPU
		{73F78245-241E-4CAF-BB58-ECF21D046D34}.Debug|Any CPU.Build.0 = Debug|Any CPU
		{73F78245-241E-4CAF-BB58-ECF21D046D34}.Release|Any CPU.ActiveCfg = Release|Any CPU
		{73F78245-241E-4CAF-BB58-ECF21D046D34}.Release|Any CPU.Build.0 = Release|Any CPU
		{4815EC2C-F28A-48EE-9589-E9CF7E1DB014}.Debug|Any CPU.ActiveCfg = Debug|Any CPU
		{4815EC2C-F28A-48EE-9589-E9CF7E1DB014}.Debug|Any CPU.Build.0 = Debug|Any CPU
		{4815EC2C-F28A-48EE-9589-E9CF7E1DB014}.Release|Any CPU.ActiveCfg = Release|Any CPU
		{4815EC2C-F28A-48EE-9589-E9CF7E1DB014}.Release|Any CPU.Build.0 = Release|Any CPU
	EndGlobalSection
EndGlobal
