
Microsoft Visual Studio Solution File, Format Version 12.00
# Visual Studio Version 17
VisualStudioVersion = 17.0.31903.59
MinimumVisualStudioVersion = 10.0.40219.1
Project("{9A19103F-16F7-4668-BE54-9A1E7A4F7556}") = "Domain", "Domain\Domain.csproj", "{C0C36580-CBCD-428F-A170-ADD4A368ACB6}"
EndProject
Project("{9A19103F-16F7-4668-BE54-9A1E7A4F7556}") = "Infrastructure", "Infrastructure\Infrastructure.csproj", "{73F78245-241E-4CAF-BB58-ECF21D046D34}"
EndProject
Project("{9A19103F-16F7-4668-BE54-9A1E7A4F7556}") = "Application", "Application\Application.csproj", "{4815EC2C-F28A-48EE-9589-E9CF7E1DB014}"
EndProject
Project("{9A19103F-16F7-4668-BE54-9A1E7A4F7556}") = "Api", "Api\Api.csproj", "{9E29A8E4-7030-4D11-80D2-FD6FA258764E}"
EndProject
Project("{2150E333-8FDC-42A3-9474-1A3956D46DE8}") = "src", "src", "{77C9203F-BEB5-427D-85E0-EECB0829F8CF}"
EndProject
Project("{2150E333-8FDC-42A3-9474-1A3956D46DE8}") = "tests", "tests", "{0F8C7E20-0E67-4692-B7A2-F5A99442BB70}"
EndProject
Project("{9A19103F-16F7-4668-BE54-9A1E7A4F7556}") = "Domain.Test", "Domain.Test\Domain.Test.csproj", "{084439C2-4D14-4EB3-88D3-E03D9F5FCFBD}"
EndProject
Project("{9A19103F-16F7-4668-BE54-9A1E7A4F7556}") = "SharedKernel", "SharedKernel\SharedKernel.csproj", "{8A67820F-7D2F-4916-A8F1-19FBA0D92B45}"
EndProject
Project("{2150E333-8FDC-42A3-9474-1A3956D46DE8}") = "Expenses", "Expenses", "{7327B0A8-FE78-482A-AFB4-3D85B713C2CE}"
EndProject
Project("{2150E333-8FDC-42A3-9474-1A3956D46DE8}") = "Transactions", "Transactions", "{C6295F7C-62D7-404B-897C-140B6CC41B2F}"
EndProject
Project("{9A19103F-16F7-4668-BE54-9A1E7A4F7556}") = "Expenses.Domain", "Expenses.Domain\Expenses.Domain.csproj", "{B804FEC7-66C2-4B60-99AC-A4E17DE09E9E}"
EndProject
Project("{9A19103F-16F7-4668-BE54-9A1E7A4F7556}") = "Expenses.Application", "Expenses.Application\Expenses.Application.csproj", "{C014EB55-C550-42D0-BDBA-4BBDF9E82178}"
EndProject
Project("{9A19103F-16F7-4668-BE54-9A1E7A4F7556}") = "Expenses.Infrastructure", "Expenses.Infrastructure\Expenses.Infrastructure.csproj", "{7B8D4AE1-0AFD-4E03-BC9C-597300B9C820}"
EndProject
Project("{2150E333-8FDC-42A3-9474-1A3956D46DE8}") = "Common", "Common", "{090F2FB9-A664-406F-96B6-D705B82CDED3}"
EndProject
Project("{2150E333-8FDC-42A3-9474-1A3956D46DE8}") = "FinancialTools", "FinancialTools", "{86F15169-5EDF-48BB-B5C7-EAB2DE077FC5}"
EndProject
Project("{FAE04EC0-301F-11D3-BF4B-00C04F79EFBC}") = "FinancialTools.Application", "FinancialTools.Application\FinancialTools.Application.csproj", "{95DF3123-089A-4626-AFFC-FC9C32C5F805}"
EndProject
Project("{FAE04EC0-301F-11D3-BF4B-00C04F79EFBC}") = "FinancialTools.Domain", "FinancialTools.Domain\FinancialTools.Domain.csproj", "{9D14EFD2-30B0-4498-9A2B-B72E0E7CB862}"
EndProject
Project("{FAE04EC0-301F-11D3-BF4B-00C04F79EFBC}") = "FinancialTools.Infrastructure", "FinancialTools.Infrastructure\FinancialTools.Infrastructure.csproj", "{9337BFA7-6B95-4907-A227-2D96F2E9ECC6}"
EndProject
Global
	GlobalSection(SolutionConfigurationPlatforms) = preSolution
		Debug|Any CPU = Debug|Any CPU
		Release|Any CPU = Release|Any CPU
	EndGlobalSection
	GlobalSection(ProjectConfigurationPlatforms) = postSolution
		{C0C36580-CBCD-428F-A170-ADD4A368ACB6}.Debug|Any CPU.ActiveCfg = Debug|Any CPU
		{C0C36580-CBCD-428F-A170-ADD4A368ACB6}.Debug|Any CPU.Build.0 = Debug|Any CPU
		{C0C36580-CBCD-428F-A170-ADD4A368ACB6}.Release|Any CPU.ActiveCfg = Release|Any CPU
		{C0C36580-CBCD-428F-A170-ADD4A368ACB6}.Release|Any CPU.Build.0 = Release|Any CPU
		{73F78245-241E-4CAF-BB58-ECF21D046D34}.Debug|Any CPU.ActiveCfg = Debug|Any CPU
		{73F78245-241E-4CAF-BB58-ECF21D046D34}.Debug|Any CPU.Build.0 = Debug|Any CPU
		{73F78245-241E-4CAF-BB58-ECF21D046D34}.Release|Any CPU.ActiveCfg = Release|Any CPU
		{73F78245-241E-4CAF-BB58-ECF21D046D34}.Release|Any CPU.Build.0 = Release|Any CPU
		{4815EC2C-F28A-48EE-9589-E9CF7E1DB014}.Debug|Any CPU.ActiveCfg = Debug|Any CPU
		{4815EC2C-F28A-48EE-9589-E9CF7E1DB014}.Debug|Any CPU.Build.0 = Debug|Any CPU
		{4815EC2C-F28A-48EE-9589-E9CF7E1DB014}.Release|Any CPU.ActiveCfg = Release|Any CPU
		{4815EC2C-F28A-48EE-9589-E9CF7E1DB014}.Release|Any CPU.Build.0 = Release|Any CPU
		{9E29A8E4-7030-4D11-80D2-FD6FA258764E}.Debug|Any CPU.ActiveCfg = Debug|Any CPU
		{9E29A8E4-7030-4D11-80D2-FD6FA258764E}.Debug|Any CPU.Build.0 = Debug|Any CPU
		{9E29A8E4-7030-4D11-80D2-FD6FA258764E}.Release|Any CPU.ActiveCfg = Release|Any CPU
		{9E29A8E4-7030-4D11-80D2-FD6FA258764E}.Release|Any CPU.Build.0 = Release|Any CPU
		{084439C2-4D14-4EB3-88D3-E03D9F5FCFBD}.Debug|Any CPU.ActiveCfg = Debug|Any CPU
		{084439C2-4D14-4EB3-88D3-E03D9F5FCFBD}.Debug|Any CPU.Build.0 = Debug|Any CPU
		{084439C2-4D14-4EB3-88D3-E03D9F5FCFBD}.Release|Any CPU.ActiveCfg = Release|Any CPU
		{084439C2-4D14-4EB3-88D3-E03D9F5FCFBD}.Release|Any CPU.Build.0 = Release|Any CPU
		{8A67820F-7D2F-4916-A8F1-19FBA0D92B45}.Debug|Any CPU.ActiveCfg = Debug|Any CPU
		{8A67820F-7D2F-4916-A8F1-19FBA0D92B45}.Debug|Any CPU.Build.0 = Debug|Any CPU
		{8A67820F-7D2F-4916-A8F1-19FBA0D92B45}.Release|Any CPU.ActiveCfg = Release|Any CPU
		{8A67820F-7D2F-4916-A8F1-19FBA0D92B45}.Release|Any CPU.Build.0 = Release|Any CPU
		{B804FEC7-66C2-4B60-99AC-A4E17DE09E9E}.Debug|Any CPU.ActiveCfg = Debug|Any CPU
		{B804FEC7-66C2-4B60-99AC-A4E17DE09E9E}.Debug|Any CPU.Build.0 = Debug|Any CPU
		{B804FEC7-66C2-4B60-99AC-A4E17DE09E9E}.Release|Any CPU.ActiveCfg = Release|Any CPU
		{B804FEC7-66C2-4B60-99AC-A4E17DE09E9E}.Release|Any CPU.Build.0 = Release|Any CPU
		{C014EB55-C550-42D0-BDBA-4BBDF9E82178}.Debug|Any CPU.ActiveCfg = Debug|Any CPU
		{C014EB55-C550-42D0-BDBA-4BBDF9E82178}.Debug|Any CPU.Build.0 = Debug|Any CPU
		{C014EB55-C550-42D0-BDBA-4BBDF9E82178}.Release|Any CPU.ActiveCfg = Release|Any CPU
		{C014EB55-C550-42D0-BDBA-4BBDF9E82178}.Release|Any CPU.Build.0 = Release|Any CPU
		{7B8D4AE1-0AFD-4E03-BC9C-597300B9C820}.Debug|Any CPU.ActiveCfg = Debug|Any CPU
		{7B8D4AE1-0AFD-4E03-BC9C-597300B9C820}.Debug|Any CPU.Build.0 = Debug|Any CPU
		{7B8D4AE1-0AFD-4E03-BC9C-597300B9C820}.Release|Any CPU.ActiveCfg = Release|Any CPU
		{7B8D4AE1-0AFD-4E03-BC9C-597300B9C820}.Release|Any CPU.Build.0 = Release|Any CPU
		{95DF3123-089A-4626-AFFC-FC9C32C5F805}.Debug|Any CPU.ActiveCfg = Debug|Any CPU
		{95DF3123-089A-4626-AFFC-FC9C32C5F805}.Debug|Any CPU.Build.0 = Debug|Any CPU
		{95DF3123-089A-4626-AFFC-FC9C32C5F805}.Release|Any CPU.ActiveCfg = Release|Any CPU
		{95DF3123-089A-4626-AFFC-FC9C32C5F805}.Release|Any CPU.Build.0 = Release|Any CPU
		{9D14EFD2-30B0-4498-9A2B-B72E0E7CB862}.Debug|Any CPU.ActiveCfg = Debug|Any CPU
		{9D14EFD2-30B0-4498-9A2B-B72E0E7CB862}.Debug|Any CPU.Build.0 = Debug|Any CPU
		{9D14EFD2-30B0-4498-9A2B-B72E0E7CB862}.Release|Any CPU.ActiveCfg = Release|Any CPU
		{9D14EFD2-30B0-4498-9A2B-B72E0E7CB862}.Release|Any CPU.Build.0 = Release|Any CPU
		{9337BFA7-6B95-4907-A227-2D96F2E9ECC6}.Debug|Any CPU.ActiveCfg = Debug|Any CPU
		{9337BFA7-6B95-4907-A227-2D96F2E9ECC6}.Debug|Any CPU.Build.0 = Debug|Any CPU
		{9337BFA7-6B95-4907-A227-2D96F2E9ECC6}.Release|Any CPU.ActiveCfg = Release|Any CPU
		{9337BFA7-6B95-4907-A227-2D96F2E9ECC6}.Release|Any CPU.Build.0 = Release|Any CPU
	EndGlobalSection
	GlobalSection(SolutionProperties) = preSolution
		HideSolutionNode = FALSE
	EndGlobalSection
	GlobalSection(NestedProjects) = preSolution
		{C0C36580-CBCD-428F-A170-ADD4A368ACB6} = {C6295F7C-62D7-404B-897C-140B6CC41B2F}
		{73F78245-241E-4CAF-BB58-ECF21D046D34} = {C6295F7C-62D7-404B-897C-140B6CC41B2F}
		{4815EC2C-F28A-48EE-9589-E9CF7E1DB014} = {C6295F7C-62D7-404B-897C-140B6CC41B2F}
		{9E29A8E4-7030-4D11-80D2-FD6FA258764E} = {090F2FB9-A664-406F-96B6-D705B82CDED3}
		{084439C2-4D14-4EB3-88D3-E03D9F5FCFBD} = {0F8C7E20-0E67-4692-B7A2-F5A99442BB70}
		{8A67820F-7D2F-4916-A8F1-19FBA0D92B45} = {090F2FB9-A664-406F-96B6-D705B82CDED3}
		{7327B0A8-FE78-482A-AFB4-3D85B713C2CE} = {77C9203F-BEB5-427D-85E0-EECB0829F8CF}
		{C6295F7C-62D7-404B-897C-140B6CC41B2F} = {77C9203F-BEB5-427D-85E0-EECB0829F8CF}
		{B804FEC7-66C2-4B60-99AC-A4E17DE09E9E} = {7327B0A8-FE78-482A-AFB4-3D85B713C2CE}
		{C014EB55-C550-42D0-BDBA-4BBDF9E82178} = {7327B0A8-FE78-482A-AFB4-3D85B713C2CE}
		{7B8D4AE1-0AFD-4E03-BC9C-597300B9C820} = {7327B0A8-FE78-482A-AFB4-3D85B713C2CE}
		{090F2FB9-A664-406F-96B6-D705B82CDED3} = {77C9203F-BEB5-427D-85E0-EECB0829F8CF}
		{86F15169-5EDF-48BB-B5C7-EAB2DE077FC5} = {77C9203F-BEB5-427D-85E0-EECB0829F8CF}
		{95DF3123-089A-4626-AFFC-FC9C32C5F805} = {86F15169-5EDF-48BB-B5C7-EAB2DE077FC5}
		{9D14EFD2-30B0-4498-9A2B-B72E0E7CB862} = {86F15169-5EDF-48BB-B5C7-EAB2DE077FC5}
		{9337BFA7-6B95-4907-A227-2D96F2E9ECC6} = {86F15169-5EDF-48BB-B5C7-EAB2DE077FC5}
	EndGlobalSection
	GlobalSection(ExtensibilityGlobals) = postSolution
		SolutionGuid = {BFDB9C9D-3DAB-4ECB-A6B2-1E07BB1F565F}
	EndGlobalSection
EndGlobal
